<?xml version="1.0" encoding="utf-8"?>
<Project ToolsVersion="4.0" xmlns="http://schemas.microsoft.com/developer/msbuild/2003">
  <ItemGroup>
    <Filter Include="win32">
      <UniqueIdentifier>{84a8ebd7-7cf0-47f6-b75e-d441df67da40}</UniqueIdentifier>
    </Filter>
    <Filter Include="Classes">
      <UniqueIdentifier>{bb6c862e-70e9-49d9-81b7-3829a6f50471}</UniqueIdentifier>
    </Filter>
    <Filter Include="Classes\Controller">
      <UniqueIdentifier>{a6f8e729-5620-480e-bd6e-9c8f1501bb42}</UniqueIdentifier>
    </Filter>
    <Filter Include="Classes\Person">
      <UniqueIdentifier>{af790f16-7e2f-45ca-8eec-8b754389a9d6}</UniqueIdentifier>
    </Filter>
    <Filter Include="Classes\Scene">
      <UniqueIdentifier>{de9dd1ea-2a4b-44a4-bd17-0586e2c6a2ba}</UniqueIdentifier>
    </Filter>
  </ItemGroup>
  <ItemGroup>
    <ClCompile Include="main.cpp">
      <Filter>win32</Filter>
    </ClCompile>
    <ClCompile Include="..\Classes\AppDelegate.cpp">
      <Filter>Classes</Filter>
    </ClCompile>
    <ClCompile Include="..\Classes\Scene\BaseScene.cpp">
      <Filter>Classes\Scene</Filter>
    </ClCompile>
    <ClCompile Include="..\Classes\Scene\FactoryScene.cpp">
      <Filter>Classes\Scene</Filter>
    </ClCompile>
    <ClCompile Include="..\Classes\Controller\Controller.cpp">
      <Filter>Classes\Controller</Filter>
    </ClCompile>
    <ClCompile Include="..\Classes\Controller\DirectController.cpp">
      <Filter>Classes\Controller</Filter>
    </ClCompile>
    <ClCompile Include="..\Classes\Person\Hero.cpp">
      <Filter>Classes\Person</Filter>
    </ClCompile>
    <ClCompile Include="..\Classes\Person\MaoChong.cpp">
      <Filter>Classes\Person</Filter>
    </ClCompile>
    <ClCompile Include="..\Classes\Scene\Rope.cpp">
      <Filter>Classes\Scene</Filter>
    </ClCompile>
  </ItemGroup>
  <ItemGroup>
    <ClInclude Include="main.h">
      <Filter>win32</Filter>
    </ClInclude>
    <ClInclude Include="..\Classes\AppDelegate.h">
      <Filter>Classes</Filter>
    </ClInclude>
    <ClInclude Include="..\Classes\Scene\BaseScene.h">
      <Filter>Classes\Scene</Filter>
    </ClInclude>
    <ClInclude Include="..\Classes\Scene\FactoryScene.h">
      <Filter>Classes\Scene</Filter>
    </ClInclude>
    <ClInclude Include="..\Classes\Controller\Controller.h">
      <Filter>Classes\Controller</Filter>
    </ClInclude>
    <ClInclude Include="..\Classes\Controller\DirectController.h">
      <Filter>Classes\Controller</Filter>
    </ClInclude>
    <ClInclude Include="..\Classes\Person\Hero.h">
      <Filter>Classes\Person</Filter>
    </ClInclude>
    <ClInclude Include="..\Classes\Person\MaoChong.h">
      <Filter>Classes\Person</Filter>
    </ClInclude>
    <ClInclude Include="..\Classes\Controller\ControllerListener.h" />
    <ClInclude Include="..\Classes\Scene\Rope.h">
      <Filter>Classes\Scene</Filter>
    </ClInclude>
  </ItemGroup>
</Project>